
Microsoft Visual Studio Solution File, Format Version 12.00
# Visual Studio Version 16
VisualStudioVersion = 16.0.30523.141
MinimumVisualStudioVersion = 10.0.40219.1
Project("{9A19103F-16F7-4668-BE54-9A1E7A4F7556}") = "Train", "Train\Train.csproj", "{25285A50-7A97-43E0-9873-C80B060BAA4D}"
EndProject
Project("{9A19103F-16F7-4668-BE54-9A1E7A4F7556}") = "CommonElements", "CommonElements\CommonElements.csproj", "{C575DAE6-C291-45F1-9D28-4CBB0B3C9B4B}"
EndProject
Project("{9A19103F-16F7-4668-BE54-9A1E7A4F7556}") = "ZigZagArrays", "ZigZagArrays\ZigZagArrays.csproj", "{7A4DAEAF-11D0-4639-AE71-D55798F801F8}"
EndProject
Project("{9A19103F-16F7-4668-BE54-9A1E7A4F7556}") = "ArrayRotation", "ArrayRotation\ArrayRotation.csproj", "{2517E4C5-1842-40BB-976E-9167865521D0}"
EndProject
Project("{9A19103F-16F7-4668-BE54-9A1E7A4F7556}") = "TopIntegers", "TopIntegers\TopIntegers.csproj", "{5401EDCB-BE1E-42FD-A899-0776F87F3B38}"
EndProject
Project("{9A19103F-16F7-4668-BE54-9A1E7A4F7556}") = "EqualSums", "EqualSums\EqualSums.csproj", "{61ADBC0A-3D81-46BF-8162-065C1AB0CB25}"
EndProject
Project("{9A19103F-16F7-4668-BE54-9A1E7A4F7556}") = "MaxSequenceOfEqualElements", "MaxSequenceOfEqualElements\MaxSequenceOfEqualElements.csproj", "{1464178C-768B-4276-B8B6-9BAD55E43D55}"
EndProject
Project("{9A19103F-16F7-4668-BE54-9A1E7A4F7556}") = "MagicSum", "MagicSum\MagicSum.csproj", "{CC3714EC-F461-4B5D-A5CF-E8725B508EB1}"
EndProject
Project("{9A19103F-16F7-4668-BE54-9A1E7A4F7556}") = "KaminoFactory", "KaminoFactory\KaminoFactory.csproj", "{FBEBA9CF-BED2-4132-9AEA-2BAA9CFD3242}"
EndProject
Project("{FAE04EC0-301F-11D3-BF4B-00C04F79EFBC}") = "LadyBug", "LadyBug\LadyBug.csproj", "{6615007C-EC24-4C3F-9352-54DA8ABD9877}"
EndProject
Global
	GlobalSection(SolutionConfigurationPlatforms) = preSolution
		Debug|Any CPU = Debug|Any CPU
		Release|Any CPU = Release|Any CPU
	EndGlobalSection
	GlobalSection(ProjectConfigurationPlatforms) = postSolution
		{25285A50-7A97-43E0-9873-C80B060BAA4D}.Debug|Any CPU.ActiveCfg = Debug|Any CPU
		{25285A50-7A97-43E0-9873-C80B060BAA4D}.Debug|Any CPU.Build.0 = Debug|Any CPU
		{25285A50-7A97-43E0-9873-C80B060BAA4D}.Release|Any CPU.ActiveCfg = Release|Any CPU
		{25285A50-7A97-43E0-9873-C80B060BAA4D}.Release|Any CPU.Build.0 = Release|Any CPU
		{C575DAE6-C291-45F1-9D28-4CBB0B3C9B4B}.Debug|Any CPU.ActiveCfg = Debug|Any CPU
		{C575DAE6-C291-45F1-9D28-4CBB0B3C9B4B}.Debug|Any CPU.Build.0 = Debug|Any CPU
		{C575DAE6-C291-45F1-9D28-4CBB0B3C9B4B}.Release|Any CPU.ActiveCfg = Release|Any CPU
		{C575DAE6-C291-45F1-9D28-4CBB0B3C9B4B}.Release|Any CPU.Build.0 = Release|Any CPU
		{7A4DAEAF-11D0-4639-AE71-D55798F801F8}.Debug|Any CPU.ActiveCfg = Debug|Any CPU
		{7A4DAEAF-11D0-4639-AE71-D55798F801F8}.Debug|Any CPU.Build.0 = Debug|Any CPU
		{7A4DAEAF-11D0-4639-AE71-D55798F801F8}.Release|Any CPU.ActiveCfg = Release|Any CPU
		{7A4DAEAF-11D0-4639-AE71-D55798F801F8}.Release|Any CPU.Build.0 = Release|Any CPU
		{2517E4C5-1842-40BB-976E-9167865521D0}.Debug|Any CPU.ActiveCfg = Debug|Any CPU
		{2517E4C5-1842-40BB-976E-9167865521D0}.Debug|Any CPU.Build.0 = Debug|Any CPU
		{2517E4C5-1842-40BB-976E-9167865521D0}.Release|Any CPU.ActiveCfg = Release|Any CPU
		{2517E4C5-1842-40BB-976E-9167865521D0}.Release|Any CPU.Build.0 = Release|Any CPU
		{5401EDCB-BE1E-42FD-A899-0776F87F3B38}.Debug|Any CPU.ActiveCfg = Debug|Any CPU
		{5401EDCB-BE1E-42FD-A899-0776F87F3B38}.Debug|Any CPU.Build.0 = Debug|Any CPU
		{5401EDCB-BE1E-42FD-A899-0776F87F3B38}.Release|Any CPU.ActiveCfg = Release|Any CPU
		{5401EDCB-BE1E-42FD-A899-0776F87F3B38}.Release|Any CPU.Build.0 = Release|Any CPU
		{61ADBC0A-3D81-46BF-8162-065C1AB0CB25}.Debug|Any CPU.ActiveCfg = Debug|Any CPU
		{61ADBC0A-3D81-46BF-8162-065C1AB0CB25}.Debug|Any CPU.Build.0 = Debug|Any CPU
		{61ADBC0A-3D81-46BF-8162-065C1AB0CB25}.Release|Any CPU.ActiveCfg = Release|Any CPU
		{61ADBC0A-3D81-46BF-8162-065C1AB0CB25}.Release|Any CPU.Build.0 = Release|Any CPU
		{1464178C-768B-4276-B8B6-9BAD55E43D55}.Debug|Any CPU.ActiveCfg = Debug|Any CPU
		{1464178C-768B-4276-B8B6-9BAD55E43D55}.Debug|Any CPU.Build.0 = Debug|Any CPU
		{1464178C-768B-4276-B8B6-9BAD55E43D55}.Release|Any CPU.ActiveCfg = Release|Any CPU
		{1464178C-768B-4276-B8B6-9BAD55E43D55}.Release|Any CPU.Build.0 = Release|Any CPU
		{CC3714EC-F461-4B5D-A5CF-E8725B508EB1}.Debug|Any CPU.ActiveCfg = Debug|Any CPU
		{CC3714EC-F461-4B5D-A5CF-E8725B508EB1}.Debug|Any CPU.Build.0 = Debug|Any CPU
		{CC3714EC-F461-4B5D-A5CF-E8725B508EB1}.Release|Any CPU.ActiveCfg = Release|Any CPU
		{CC3714EC-F461-4B5D-A5CF-E8725B508EB1}.Release|Any CPU.Build.0 = Release|Any CPU
		{FBEBA9CF-BED2-4132-9AEA-2BAA9CFD3242}.Debug|Any CPU.ActiveCfg = Debug|Any CPU
		{FBEBA9CF-BED2-4132-9AEA-2BAA9CFD3242}.Debug|Any CPU.Build.0 = Debug|Any CPU
		{FBEBA9CF-BED2-4132-9AEA-2BAA9CFD3242}.Release|Any CPU.ActiveCfg = Release|Any CPU
		{FBEBA9CF-BED2-4132-9AEA-2BAA9CFD3242}.Release|Any CPU.Build.0 = Release|Any CPU
		{6615007C-EC24-4C3F-9352-54DA8ABD9877}.Debug|Any CPU.ActiveCfg = Debug|Any CPU
		{6615007C-EC24-4C3F-9352-54DA8ABD9877}.Debug|Any CPU.Build.0 = Debug|Any CPU
		{6615007C-EC24-4C3F-9352-54DA8ABD9877}.Release|Any CPU.ActiveCfg = Release|Any CPU
		{6615007C-EC24-4C3F-9352-54DA8ABD9877}.Release|Any CPU.Build.0 = Release|Any CPU
	EndGlobalSection
	GlobalSection(SolutionProperties) = preSolution
		HideSolutionNode = FALSE
	EndGlobalSection
	GlobalSection(ExtensibilityGlobals) = postSolution
		SolutionGuid = {48BD918B-C4AF-4921-9F7C-C80FC4C4DC16}
	EndGlobalSection
EndGlobal
