
Microsoft Visual Studio Solution File, Format Version 12.00
# Visual Studio Version 16
VisualStudioVersion = 16.0.30717.126
MinimumVisualStudioVersion = 10.0.40219.1
Project("{9A19103F-16F7-4668-BE54-9A1E7A4F7556}") = "WorldTour", "WorldTour\WorldTour.csproj", "{B9D86BF4-E532-4057-B4F3-0B93132107A4}"
EndProject
Project("{9A19103F-16F7-4668-BE54-9A1E7A4F7556}") = "DestinationMapper", "DestinationMapper\DestinationMapper.csproj", "{7A00DC34-03AE-4783-8B26-03EA250CD244}"
EndProject
Project("{9A19103F-16F7-4668-BE54-9A1E7A4F7556}") = "PlantDiscovery", "PlantDiscovery\PlantDiscovery.csproj", "{7A188370-4C45-4264-AE55-D73E58B17795}"
EndProject
Project("{9A19103F-16F7-4668-BE54-9A1E7A4F7556}") = "ConsoleApp1", "ConsoleApp1\ConsoleApp1.csproj", "{333BDED9-FA76-4F59-9B84-1CCA1BC7C67F}"
EndProject
Project("{FAE04EC0-301F-11D3-BF4B-00C04F79EFBC}") = "PlantTwo", "PlantTwo\PlantTwo.csproj", "{29790E54-2C16-4914-AA53-C6FA92FE1036}"
EndProject
Global
	GlobalSection(SolutionConfigurationPlatforms) = preSolution
		Debug|Any CPU = Debug|Any CPU
		Release|Any CPU = Release|Any CPU
	EndGlobalSection
	GlobalSection(ProjectConfigurationPlatforms) = postSolution
		{B9D86BF4-E532-4057-B4F3-0B93132107A4}.Debug|Any CPU.ActiveCfg = Debug|Any CPU
		{B9D86BF4-E532-4057-B4F3-0B93132107A4}.Debug|Any CPU.Build.0 = Debug|Any CPU
		{B9D86BF4-E532-4057-B4F3-0B93132107A4}.Release|Any CPU.ActiveCfg = Release|Any CPU
		{B9D86BF4-E532-4057-B4F3-0B93132107A4}.Release|Any CPU.Build.0 = Release|Any CPU
		{7A00DC34-03AE-4783-8B26-03EA250CD244}.Debug|Any CPU.ActiveCfg = Debug|Any CPU
		{7A00DC34-03AE-4783-8B26-03EA250CD244}.Debug|Any CPU.Build.0 = Debug|Any CPU
		{7A00DC34-03AE-4783-8B26-03EA250CD244}.Release|Any CPU.ActiveCfg = Release|Any CPU
		{7A00DC34-03AE-4783-8B26-03EA250CD244}.Release|Any CPU.Build.0 = Release|Any CPU
		{7A188370-4C45-4264-AE55-D73E58B17795}.Debug|Any CPU.ActiveCfg = Debug|Any CPU
		{7A188370-4C45-4264-AE55-D73E58B17795}.Debug|Any CPU.Build.0 = Debug|Any CPU
		{7A188370-4C45-4264-AE55-D73E58B17795}.Release|Any CPU.ActiveCfg = Release|Any CPU
		{7A188370-4C45-4264-AE55-D73E58B17795}.Release|Any CPU.Build.0 = Release|Any CPU
		{333BDED9-FA76-4F59-9B84-1CCA1BC7C67F}.Debug|Any CPU.ActiveCfg = Debug|Any CPU
		{333BDED9-FA76-4F59-9B84-1CCA1BC7C67F}.Debug|Any CPU.Build.0 = Debug|Any CPU
		{333BDED9-FA76-4F59-9B84-1CCA1BC7C67F}.Release|Any CPU.ActiveCfg = Release|Any CPU
		{333BDED9-FA76-4F59-9B84-1CCA1BC7C67F}.Release|Any CPU.Build.0 = Release|Any CPU
		{29790E54-2C16-4914-AA53-C6FA92FE1036}.Debug|Any CPU.ActiveCfg = Debug|Any CPU
		{29790E54-2C16-4914-AA53-C6FA92FE1036}.Debug|Any CPU.Build.0 = Debug|Any CPU
		{29790E54-2C16-4914-AA53-C6FA92FE1036}.Release|Any CPU.ActiveCfg = Release|Any CPU
		{29790E54-2C16-4914-AA53-C6FA92FE1036}.Release|Any CPU.Build.0 = Release|Any CPU
	EndGlobalSection
	GlobalSection(SolutionProperties) = preSolution
		HideSolutionNode = FALSE
	EndGlobalSection
	GlobalSection(ExtensibilityGlobals) = postSolution
		SolutionGuid = {A10CBDED-B746-47D8-9FC7-F6C463DF32D3}
	EndGlobalSection
EndGlobal
