
Microsoft Visual Studio Solution File, Format Version 12.00
# Visual Studio Version 16
VisualStudioVersion = 16.0.30804.86
MinimumVisualStudioVersion = 10.0.40219.1
Project("{FAE04EC0-301F-11D3-BF4B-00C04F79EFBC}") = "CustomDataStructures", "CustomDataStructures\CustomDataStructures.csproj", "{3472DF33-CF18-4779-A51B-DD51546F52CB}"
EndProject
Global
	GlobalSection(SolutionConfigurationPlatforms) = preSolution
		Debug|Any CPU = Debug|Any CPU
		Release|Any CPU = Release|Any CPU
	EndGlobalSection
	GlobalSection(ProjectConfigurationPlatforms) = postSolution
		{3472DF33-CF18-4779-A51B-DD51546F52CB}.Debug|Any CPU.ActiveCfg = Debug|Any CPU
		{3472DF33-CF18-4779-A51B-DD51546F52CB}.Debug|Any CPU.Build.0 = Debug|Any CPU
		{3472DF33-CF18-4779-A51B-DD51546F52CB}.Release|Any CPU.ActiveCfg = Release|Any CPU
		{3472DF33-CF18-4779-A51B-DD51546F52CB}.Release|Any CPU.Build.0 = Release|Any CPU
	EndGlobalSection
	GlobalSection(SolutionProperties) = preSolution
		HideSolutionNode = FALSE
	EndGlobalSection
	GlobalSection(ExtensibilityGlobals) = postSolution
		SolutionGuid = {05532ADD-9D35-43B1-8A2F-9D81BD845632}
	EndGlobalSection
EndGlobal
