
Microsoft Visual Studio Solution File, Format Version 12.00
# Visual Studio Version 16
VisualStudioVersion = 16.0.30621.155
MinimumVisualStudioVersion = 10.0.40219.1
Project("{FAE04EC0-301F-11D3-BF4B-00C04F79EFBC}") = "SoftUniReception", "SoftUniReception\SoftUniReception.csproj", "{07D448B0-475B-449E-AD97-50A695B3F408}"
EndProject
Project("{FAE04EC0-301F-11D3-BF4B-00C04F79EFBC}") = "ArrayModifier", "ArrayModifier\ArrayModifier.csproj", "{8D16386F-092E-4449-B418-85C1AAA9C1B4}"
EndProject
Project("{FAE04EC0-301F-11D3-BF4B-00C04F79EFBC}") = "Numbers", "Numbers\Numbers.csproj", "{D48687B2-9646-4BC9-882C-0A2EDCD25BA2}"
EndProject
Project("{FAE04EC0-301F-11D3-BF4B-00C04F79EFBC}") = "IMPORTANt", "IMPORTANt\IMPORTANt.csproj", "{B830000B-F58B-4EA5-B21A-4809B620405C}"
EndProject
Global
	GlobalSection(SolutionConfigurationPlatforms) = preSolution
		Debug|Any CPU = Debug|Any CPU
		Release|Any CPU = Release|Any CPU
	EndGlobalSection
	GlobalSection(ProjectConfigurationPlatforms) = postSolution
		{07D448B0-475B-449E-AD97-50A695B3F408}.Debug|Any CPU.ActiveCfg = Debug|Any CPU
		{07D448B0-475B-449E-AD97-50A695B3F408}.Debug|Any CPU.Build.0 = Debug|Any CPU
		{07D448B0-475B-449E-AD97-50A695B3F408}.Release|Any CPU.ActiveCfg = Release|Any CPU
		{07D448B0-475B-449E-AD97-50A695B3F408}.Release|Any CPU.Build.0 = Release|Any CPU
		{8D16386F-092E-4449-B418-85C1AAA9C1B4}.Debug|Any CPU.ActiveCfg = Debug|Any CPU
		{8D16386F-092E-4449-B418-85C1AAA9C1B4}.Debug|Any CPU.Build.0 = Debug|Any CPU
		{8D16386F-092E-4449-B418-85C1AAA9C1B4}.Release|Any CPU.ActiveCfg = Release|Any CPU
		{8D16386F-092E-4449-B418-85C1AAA9C1B4}.Release|Any CPU.Build.0 = Release|Any CPU
		{D48687B2-9646-4BC9-882C-0A2EDCD25BA2}.Debug|Any CPU.ActiveCfg = Debug|Any CPU
		{D48687B2-9646-4BC9-882C-0A2EDCD25BA2}.Debug|Any CPU.Build.0 = Debug|Any CPU
		{D48687B2-9646-4BC9-882C-0A2EDCD25BA2}.Release|Any CPU.ActiveCfg = Release|Any CPU
		{D48687B2-9646-4BC9-882C-0A2EDCD25BA2}.Release|Any CPU.Build.0 = Release|Any CPU
		{B830000B-F58B-4EA5-B21A-4809B620405C}.Debug|Any CPU.ActiveCfg = Debug|Any CPU
		{B830000B-F58B-4EA5-B21A-4809B620405C}.Debug|Any CPU.Build.0 = Debug|Any CPU
		{B830000B-F58B-4EA5-B21A-4809B620405C}.Release|Any CPU.ActiveCfg = Release|Any CPU
		{B830000B-F58B-4EA5-B21A-4809B620405C}.Release|Any CPU.Build.0 = Release|Any CPU
	EndGlobalSection
	GlobalSection(SolutionProperties) = preSolution
		HideSolutionNode = FALSE
	EndGlobalSection
	GlobalSection(ExtensibilityGlobals) = postSolution
		SolutionGuid = {A69376EB-4E7A-4E0C-B2E6-D2AE59B46DE1}
	EndGlobalSection
EndGlobal
