
Microsoft Visual Studio Solution File, Format Version 12.00
# Visual Studio Version 16
VisualStudioVersion = 16.0.30717.126
MinimumVisualStudioVersion = 10.0.40219.1
Project("{9A19103F-16F7-4668-BE54-9A1E7A4F7556}") = "ActivationKeys", "ActivationKeys\ActivationKeys.csproj", "{94707478-D372-4389-B61B-5A9694B7DB7E}"
EndProject
Project("{FAE04EC0-301F-11D3-BF4B-00C04F79EFBC}") = "EmojiDetector", "EmojiDetector\EmojiDetector.csproj", "{7AF84FBE-2B48-420D-83FE-6B8F6A812C1B}"
EndProject
Project("{FAE04EC0-301F-11D3-BF4B-00C04F79EFBC}") = "P!rates", "P!rates\P!rates.csproj", "{86ADA558-B048-4060-A1F9-06334F93C0B7}"
EndProject
Global
	GlobalSection(SolutionConfigurationPlatforms) = preSolution
		Debug|Any CPU = Debug|Any CPU
		Release|Any CPU = Release|Any CPU
	EndGlobalSection
	GlobalSection(ProjectConfigurationPlatforms) = postSolution
		{94707478-D372-4389-B61B-5A9694B7DB7E}.Debug|Any CPU.ActiveCfg = Debug|Any CPU
		{94707478-D372-4389-B61B-5A9694B7DB7E}.Debug|Any CPU.Build.0 = Debug|Any CPU
		{94707478-D372-4389-B61B-5A9694B7DB7E}.Release|Any CPU.ActiveCfg = Release|Any CPU
		{94707478-D372-4389-B61B-5A9694B7DB7E}.Release|Any CPU.Build.0 = Release|Any CPU
		{7AF84FBE-2B48-420D-83FE-6B8F6A812C1B}.Debug|Any CPU.ActiveCfg = Debug|Any CPU
		{7AF84FBE-2B48-420D-83FE-6B8F6A812C1B}.Debug|Any CPU.Build.0 = Debug|Any CPU
		{7AF84FBE-2B48-420D-83FE-6B8F6A812C1B}.Release|Any CPU.ActiveCfg = Release|Any CPU
		{7AF84FBE-2B48-420D-83FE-6B8F6A812C1B}.Release|Any CPU.Build.0 = Release|Any CPU
		{86ADA558-B048-4060-A1F9-06334F93C0B7}.Debug|Any CPU.ActiveCfg = Debug|Any CPU
		{86ADA558-B048-4060-A1F9-06334F93C0B7}.Debug|Any CPU.Build.0 = Debug|Any CPU
		{86ADA558-B048-4060-A1F9-06334F93C0B7}.Release|Any CPU.ActiveCfg = Release|Any CPU
		{86ADA558-B048-4060-A1F9-06334F93C0B7}.Release|Any CPU.Build.0 = Release|Any CPU
	EndGlobalSection
	GlobalSection(SolutionProperties) = preSolution
		HideSolutionNode = FALSE
	EndGlobalSection
	GlobalSection(ExtensibilityGlobals) = postSolution
		SolutionGuid = {D951767D-D7A2-496F-88C9-BDF4C6BD1099}
	EndGlobalSection
EndGlobal
