
Microsoft Visual Studio Solution File, Format Version 12.00
# Visual Studio Version 16
VisualStudioVersion = 16.0.30804.86
MinimumVisualStudioVersion = 10.0.40219.1
Project("{9A19103F-16F7-4668-BE54-9A1E7A4F7556}") = "01.ListyIterator", "01.ListyIterator\01.ListyIterator.csproj", "{696DCF44-42A9-461C-92D8-E72F15308E9D}"
EndProject
Project("{FAE04EC0-301F-11D3-BF4B-00C04F79EFBC}") = "02.Collection", "02.Collection\02.Collection.csproj", "{873E585E-88D0-459D-BAA7-D7BDD456560A}"
EndProject
Project("{FAE04EC0-301F-11D3-BF4B-00C04F79EFBC}") = "03.Stack", "03.Stack\03.Stack.csproj", "{AA6E396D-79E0-4D1F-A514-7FF5F2EF72E4}"
EndProject
Project("{FAE04EC0-301F-11D3-BF4B-00C04F79EFBC}") = "04.Froggy", "04.Froggy\04.Froggy.csproj", "{674C409B-4DC4-4F26-8853-C4806B98F028}"
EndProject
Project("{FAE04EC0-301F-11D3-BF4B-00C04F79EFBC}") = "05.ComparingObjects", "05.ComparingObjects\05.ComparingObjects.csproj", "{C636A1CE-CAEA-46C7-80C5-7178E0C91B97}"
EndProject
Global
	GlobalSection(SolutionConfigurationPlatforms) = preSolution
		Debug|Any CPU = Debug|Any CPU
		Release|Any CPU = Release|Any CPU
	EndGlobalSection
	GlobalSection(ProjectConfigurationPlatforms) = postSolution
		{696DCF44-42A9-461C-92D8-E72F15308E9D}.Debug|Any CPU.ActiveCfg = Debug|Any CPU
		{696DCF44-42A9-461C-92D8-E72F15308E9D}.Debug|Any CPU.Build.0 = Debug|Any CPU
		{696DCF44-42A9-461C-92D8-E72F15308E9D}.Release|Any CPU.ActiveCfg = Release|Any CPU
		{696DCF44-42A9-461C-92D8-E72F15308E9D}.Release|Any CPU.Build.0 = Release|Any CPU
		{873E585E-88D0-459D-BAA7-D7BDD456560A}.Debug|Any CPU.ActiveCfg = Debug|Any CPU
		{873E585E-88D0-459D-BAA7-D7BDD456560A}.Debug|Any CPU.Build.0 = Debug|Any CPU
		{873E585E-88D0-459D-BAA7-D7BDD456560A}.Release|Any CPU.ActiveCfg = Release|Any CPU
		{873E585E-88D0-459D-BAA7-D7BDD456560A}.Release|Any CPU.Build.0 = Release|Any CPU
		{AA6E396D-79E0-4D1F-A514-7FF5F2EF72E4}.Debug|Any CPU.ActiveCfg = Debug|Any CPU
		{AA6E396D-79E0-4D1F-A514-7FF5F2EF72E4}.Debug|Any CPU.Build.0 = Debug|Any CPU
		{AA6E396D-79E0-4D1F-A514-7FF5F2EF72E4}.Release|Any CPU.ActiveCfg = Release|Any CPU
		{AA6E396D-79E0-4D1F-A514-7FF5F2EF72E4}.Release|Any CPU.Build.0 = Release|Any CPU
		{674C409B-4DC4-4F26-8853-C4806B98F028}.Debug|Any CPU.ActiveCfg = Debug|Any CPU
		{674C409B-4DC4-4F26-8853-C4806B98F028}.Debug|Any CPU.Build.0 = Debug|Any CPU
		{674C409B-4DC4-4F26-8853-C4806B98F028}.Release|Any CPU.ActiveCfg = Release|Any CPU
		{674C409B-4DC4-4F26-8853-C4806B98F028}.Release|Any CPU.Build.0 = Release|Any CPU
		{C636A1CE-CAEA-46C7-80C5-7178E0C91B97}.Debug|Any CPU.ActiveCfg = Debug|Any CPU
		{C636A1CE-CAEA-46C7-80C5-7178E0C91B97}.Debug|Any CPU.Build.0 = Debug|Any CPU
		{C636A1CE-CAEA-46C7-80C5-7178E0C91B97}.Release|Any CPU.ActiveCfg = Release|Any CPU
		{C636A1CE-CAEA-46C7-80C5-7178E0C91B97}.Release|Any CPU.Build.0 = Release|Any CPU
	EndGlobalSection
	GlobalSection(SolutionProperties) = preSolution
		HideSolutionNode = FALSE
	EndGlobalSection
	GlobalSection(ExtensibilityGlobals) = postSolution
		SolutionGuid = {8FECD11C-2B40-4233-9311-9674E0EA4C9B}
	EndGlobalSection
EndGlobal
