
Microsoft Visual Studio Solution File, Format Version 12.00
# Visual Studio Version 16
VisualStudioVersion = 16.0.30804.86
MinimumVisualStudioVersion = 10.0.40219.1
Project("{FAE04EC0-301F-11D3-BF4B-00C04F79EFBC}") = "01DiagonalDifference", "01DiagonalDifference\01DiagonalDifference.csproj", "{7DF18698-A798-4532-A37A-BE9A3E762301}"
EndProject
Project("{FAE04EC0-301F-11D3-BF4B-00C04F79EFBC}") = "02.2X2SquaresInMatrix", "02.2X2SquaresInMatrix\02.2X2SquaresInMatrix.csproj", "{38A25820-F928-42D4-B074-B42E0ED58485}"
EndProject
Project("{FAE04EC0-301F-11D3-BF4B-00C04F79EFBC}") = "03.MaximalSum", "03.MaximalSum\03.MaximalSum.csproj", "{813C6D95-1C2B-4DB4-B7C7-9776B99D76F9}"
EndProject
Project("{FAE04EC0-301F-11D3-BF4B-00C04F79EFBC}") = "04.MatrixShuffling", "04.MatrixShuffling\04.MatrixShuffling.csproj", "{6C1DE74A-466C-4D69-9634-C4311F8B1AA4}"
EndProject
Project("{FAE04EC0-301F-11D3-BF4B-00C04F79EFBC}") = "05.SnakeMoves", "05.SnakeMoves\05.SnakeMoves.csproj", "{8C7EF970-7BC7-4DC9-9830-B27C90F0200D}"
EndProject
Global
	GlobalSection(SolutionConfigurationPlatforms) = preSolution
		Debug|Any CPU = Debug|Any CPU
		Release|Any CPU = Release|Any CPU
	EndGlobalSection
	GlobalSection(ProjectConfigurationPlatforms) = postSolution
		{7DF18698-A798-4532-A37A-BE9A3E762301}.Debug|Any CPU.ActiveCfg = Debug|Any CPU
		{7DF18698-A798-4532-A37A-BE9A3E762301}.Debug|Any CPU.Build.0 = Debug|Any CPU
		{7DF18698-A798-4532-A37A-BE9A3E762301}.Release|Any CPU.ActiveCfg = Release|Any CPU
		{7DF18698-A798-4532-A37A-BE9A3E762301}.Release|Any CPU.Build.0 = Release|Any CPU
		{38A25820-F928-42D4-B074-B42E0ED58485}.Debug|Any CPU.ActiveCfg = Debug|Any CPU
		{38A25820-F928-42D4-B074-B42E0ED58485}.Debug|Any CPU.Build.0 = Debug|Any CPU
		{38A25820-F928-42D4-B074-B42E0ED58485}.Release|Any CPU.ActiveCfg = Release|Any CPU
		{38A25820-F928-42D4-B074-B42E0ED58485}.Release|Any CPU.Build.0 = Release|Any CPU
		{813C6D95-1C2B-4DB4-B7C7-9776B99D76F9}.Debug|Any CPU.ActiveCfg = Debug|Any CPU
		{813C6D95-1C2B-4DB4-B7C7-9776B99D76F9}.Debug|Any CPU.Build.0 = Debug|Any CPU
		{813C6D95-1C2B-4DB4-B7C7-9776B99D76F9}.Release|Any CPU.ActiveCfg = Release|Any CPU
		{813C6D95-1C2B-4DB4-B7C7-9776B99D76F9}.Release|Any CPU.Build.0 = Release|Any CPU
		{6C1DE74A-466C-4D69-9634-C4311F8B1AA4}.Debug|Any CPU.ActiveCfg = Debug|Any CPU
		{6C1DE74A-466C-4D69-9634-C4311F8B1AA4}.Debug|Any CPU.Build.0 = Debug|Any CPU
		{6C1DE74A-466C-4D69-9634-C4311F8B1AA4}.Release|Any CPU.ActiveCfg = Release|Any CPU
		{6C1DE74A-466C-4D69-9634-C4311F8B1AA4}.Release|Any CPU.Build.0 = Release|Any CPU
		{8C7EF970-7BC7-4DC9-9830-B27C90F0200D}.Debug|Any CPU.ActiveCfg = Debug|Any CPU
		{8C7EF970-7BC7-4DC9-9830-B27C90F0200D}.Debug|Any CPU.Build.0 = Debug|Any CPU
		{8C7EF970-7BC7-4DC9-9830-B27C90F0200D}.Release|Any CPU.ActiveCfg = Release|Any CPU
		{8C7EF970-7BC7-4DC9-9830-B27C90F0200D}.Release|Any CPU.Build.0 = Release|Any CPU
	EndGlobalSection
	GlobalSection(SolutionProperties) = preSolution
		HideSolutionNode = FALSE
	EndGlobalSection
	GlobalSection(ExtensibilityGlobals) = postSolution
		SolutionGuid = {BB16987F-E6C9-4A3A-89E8-D552AD24B546}
	EndGlobalSection
EndGlobal
