
Microsoft Visual Studio Solution File, Format Version 12.00
# Visual Studio Version 16
VisualStudioVersion = 16.0.30621.155
MinimumVisualStudioVersion = 10.0.40219.1
Project("{9A19103F-16F7-4668-BE54-9A1E7A4F7556}") = "NationalCourt", "NationalCourt\NationalCourt.csproj", "{3714D2B2-99CD-474F-8BC2-7C8E90C490C0}"
EndProject
Project("{FAE04EC0-301F-11D3-BF4B-00C04F79EFBC}") = "ShoppingList", "ShoppingList\ShoppingList.csproj", "{B16BFF80-F018-44B6-B326-7A71B3E10B16}"
EndProject
Project("{FAE04EC0-301F-11D3-BF4B-00C04F79EFBC}") = "HeartDelivery", "HeartDelivery\HeartDelivery.csproj", "{31B8D989-8045-4EDC-A023-B5976346C1BE}"
EndProject
Global
	GlobalSection(SolutionConfigurationPlatforms) = preSolution
		Debug|Any CPU = Debug|Any CPU
		Release|Any CPU = Release|Any CPU
	EndGlobalSection
	GlobalSection(ProjectConfigurationPlatforms) = postSolution
		{3714D2B2-99CD-474F-8BC2-7C8E90C490C0}.Debug|Any CPU.ActiveCfg = Debug|Any CPU
		{3714D2B2-99CD-474F-8BC2-7C8E90C490C0}.Debug|Any CPU.Build.0 = Debug|Any CPU
		{3714D2B2-99CD-474F-8BC2-7C8E90C490C0}.Release|Any CPU.ActiveCfg = Release|Any CPU
		{3714D2B2-99CD-474F-8BC2-7C8E90C490C0}.Release|Any CPU.Build.0 = Release|Any CPU
		{B16BFF80-F018-44B6-B326-7A71B3E10B16}.Debug|Any CPU.ActiveCfg = Debug|Any CPU
		{B16BFF80-F018-44B6-B326-7A71B3E10B16}.Debug|Any CPU.Build.0 = Debug|Any CPU
		{B16BFF80-F018-44B6-B326-7A71B3E10B16}.Release|Any CPU.ActiveCfg = Release|Any CPU
		{B16BFF80-F018-44B6-B326-7A71B3E10B16}.Release|Any CPU.Build.0 = Release|Any CPU
		{31B8D989-8045-4EDC-A023-B5976346C1BE}.Debug|Any CPU.ActiveCfg = Debug|Any CPU
		{31B8D989-8045-4EDC-A023-B5976346C1BE}.Debug|Any CPU.Build.0 = Debug|Any CPU
		{31B8D989-8045-4EDC-A023-B5976346C1BE}.Release|Any CPU.ActiveCfg = Release|Any CPU
		{31B8D989-8045-4EDC-A023-B5976346C1BE}.Release|Any CPU.Build.0 = Release|Any CPU
	EndGlobalSection
	GlobalSection(SolutionProperties) = preSolution
		HideSolutionNode = FALSE
	EndGlobalSection
	GlobalSection(ExtensibilityGlobals) = postSolution
		SolutionGuid = {BFE63AFA-75F1-4F2D-BF61-6E22D227AD91}
	EndGlobalSection
EndGlobal
