
Microsoft Visual Studio Solution File, Format Version 12.00
# Visual Studio Version 16
VisualStudioVersion = 16.0.30717.126
MinimumVisualStudioVersion = 10.0.40219.1
Project("{FAE04EC0-301F-11D3-BF4B-00C04F79EFBC}") = "SecretChat", "SecretChat\SecretChat.csproj", "{BBF9603D-4AF4-4E23-B2DB-A3940302299C}"
EndProject
Project("{FAE04EC0-301F-11D3-BF4B-00C04F79EFBC}") = "MirrorWords", "MirrorWords\MirrorWords.csproj", "{2230D6EA-F64A-4471-A578-0CC30C4CA7E2}"
EndProject
Project("{FAE04EC0-301F-11D3-BF4B-00C04F79EFBC}") = "NeedforSpeed", "NeedforSpeed\NeedforSpeed.csproj", "{3FEED25A-2386-4E2B-8E91-9E11A17E35E3}"
EndProject
Global
	GlobalSection(SolutionConfigurationPlatforms) = preSolution
		Debug|Any CPU = Debug|Any CPU
		Release|Any CPU = Release|Any CPU
	EndGlobalSection
	GlobalSection(ProjectConfigurationPlatforms) = postSolution
		{BBF9603D-4AF4-4E23-B2DB-A3940302299C}.Debug|Any CPU.ActiveCfg = Debug|Any CPU
		{BBF9603D-4AF4-4E23-B2DB-A3940302299C}.Debug|Any CPU.Build.0 = Debug|Any CPU
		{BBF9603D-4AF4-4E23-B2DB-A3940302299C}.Release|Any CPU.ActiveCfg = Release|Any CPU
		{BBF9603D-4AF4-4E23-B2DB-A3940302299C}.Release|Any CPU.Build.0 = Release|Any CPU
		{2230D6EA-F64A-4471-A578-0CC30C4CA7E2}.Debug|Any CPU.ActiveCfg = Debug|Any CPU
		{2230D6EA-F64A-4471-A578-0CC30C4CA7E2}.Debug|Any CPU.Build.0 = Debug|Any CPU
		{2230D6EA-F64A-4471-A578-0CC30C4CA7E2}.Release|Any CPU.ActiveCfg = Release|Any CPU
		{2230D6EA-F64A-4471-A578-0CC30C4CA7E2}.Release|Any CPU.Build.0 = Release|Any CPU
		{3FEED25A-2386-4E2B-8E91-9E11A17E35E3}.Debug|Any CPU.ActiveCfg = Debug|Any CPU
		{3FEED25A-2386-4E2B-8E91-9E11A17E35E3}.Debug|Any CPU.Build.0 = Debug|Any CPU
		{3FEED25A-2386-4E2B-8E91-9E11A17E35E3}.Release|Any CPU.ActiveCfg = Release|Any CPU
		{3FEED25A-2386-4E2B-8E91-9E11A17E35E3}.Release|Any CPU.Build.0 = Release|Any CPU
	EndGlobalSection
	GlobalSection(SolutionProperties) = preSolution
		HideSolutionNode = FALSE
	EndGlobalSection
	GlobalSection(ExtensibilityGlobals) = postSolution
		SolutionGuid = {20C21467-E16D-4023-86F0-DE9732C9BC01}
	EndGlobalSection
EndGlobal
