
Microsoft Visual Studio Solution File, Format Version 12.00
# Visual Studio Version 16
VisualStudioVersion = 16.0.30503.244
MinimumVisualStudioVersion = 10.0.40219.1
Project("{FAE04EC0-301F-11D3-BF4B-00C04F79EFBC}") = "SortNumbers", "SortNumbers\SortNumbers.csproj", "{9B752298-8807-43AE-893F-C96E44A87776}"
EndProject
Project("{FAE04EC0-301F-11D3-BF4B-00C04F79EFBC}") = "EnglishNameOfTheLastDigit", "EnglishNameOfTheLastDigit\EnglishNameOfTheLastDigit.csproj", "{5B909BB8-102A-4638-9E5C-55BEC6F8CC10}"
EndProject
Project("{FAE04EC0-301F-11D3-BF4B-00C04F79EFBC}") = "GamingStore", "GamingStore\GamingStore.csproj", "{7BD5E103-A9AF-4D68-B5D5-780CD1916557}"
EndProject
Project("{FAE04EC0-301F-11D3-BF4B-00C04F79EFBC}") = "ReverseString", "ReverseString\ReverseString.csproj", "{F3A5B401-7635-4EEF-95A6-6C8129EC70E4}"
EndProject
Project("{FAE04EC0-301F-11D3-BF4B-00C04F79EFBC}") = "Messages", "Messages\Messages.csproj", "{8F2B5321-0F6C-4408-90A6-4A0D4CFD6496}"
EndProject
Global
	GlobalSection(SolutionConfigurationPlatforms) = preSolution
		Debug|Any CPU = Debug|Any CPU
		Release|Any CPU = Release|Any CPU
	EndGlobalSection
	GlobalSection(ProjectConfigurationPlatforms) = postSolution
		{9B752298-8807-43AE-893F-C96E44A87776}.Debug|Any CPU.ActiveCfg = Debug|Any CPU
		{9B752298-8807-43AE-893F-C96E44A87776}.Debug|Any CPU.Build.0 = Debug|Any CPU
		{9B752298-8807-43AE-893F-C96E44A87776}.Release|Any CPU.ActiveCfg = Release|Any CPU
		{9B752298-8807-43AE-893F-C96E44A87776}.Release|Any CPU.Build.0 = Release|Any CPU
		{5B909BB8-102A-4638-9E5C-55BEC6F8CC10}.Debug|Any CPU.ActiveCfg = Debug|Any CPU
		{5B909BB8-102A-4638-9E5C-55BEC6F8CC10}.Debug|Any CPU.Build.0 = Debug|Any CPU
		{5B909BB8-102A-4638-9E5C-55BEC6F8CC10}.Release|Any CPU.ActiveCfg = Release|Any CPU
		{5B909BB8-102A-4638-9E5C-55BEC6F8CC10}.Release|Any CPU.Build.0 = Release|Any CPU
		{7BD5E103-A9AF-4D68-B5D5-780CD1916557}.Debug|Any CPU.ActiveCfg = Debug|Any CPU
		{7BD5E103-A9AF-4D68-B5D5-780CD1916557}.Debug|Any CPU.Build.0 = Debug|Any CPU
		{7BD5E103-A9AF-4D68-B5D5-780CD1916557}.Release|Any CPU.ActiveCfg = Release|Any CPU
		{7BD5E103-A9AF-4D68-B5D5-780CD1916557}.Release|Any CPU.Build.0 = Release|Any CPU
		{F3A5B401-7635-4EEF-95A6-6C8129EC70E4}.Debug|Any CPU.ActiveCfg = Debug|Any CPU
		{F3A5B401-7635-4EEF-95A6-6C8129EC70E4}.Debug|Any CPU.Build.0 = Debug|Any CPU
		{F3A5B401-7635-4EEF-95A6-6C8129EC70E4}.Release|Any CPU.ActiveCfg = Release|Any CPU
		{F3A5B401-7635-4EEF-95A6-6C8129EC70E4}.Release|Any CPU.Build.0 = Release|Any CPU
		{8F2B5321-0F6C-4408-90A6-4A0D4CFD6496}.Debug|Any CPU.ActiveCfg = Debug|Any CPU
		{8F2B5321-0F6C-4408-90A6-4A0D4CFD6496}.Debug|Any CPU.Build.0 = Debug|Any CPU
		{8F2B5321-0F6C-4408-90A6-4A0D4CFD6496}.Release|Any CPU.ActiveCfg = Release|Any CPU
		{8F2B5321-0F6C-4408-90A6-4A0D4CFD6496}.Release|Any CPU.Build.0 = Release|Any CPU
	EndGlobalSection
	GlobalSection(SolutionProperties) = preSolution
		HideSolutionNode = FALSE
	EndGlobalSection
	GlobalSection(ExtensibilityGlobals) = postSolution
		SolutionGuid = {FBA1310A-4020-4687-BC01-69EE53124098}
	EndGlobalSection
EndGlobal
