
Microsoft Visual Studio Solution File, Format Version 12.00
# Visual Studio Version 16
VisualStudioVersion = 16.0.30804.86
MinimumVisualStudioVersion = 10.0.40219.1
Project("{FAE04EC0-301F-11D3-BF4B-00C04F79EFBC}") = "01.Odd Lines", "01.Odd Lines\01.Odd Lines.csproj", "{F2B38EB3-312E-4A04-9CD1-E5C34217AEC2}"
EndProject
Project("{FAE04EC0-301F-11D3-BF4B-00C04F79EFBC}") = "02.LineNumbers", "02.LineNumbers\02.LineNumbers.csproj", "{88131BC0-2468-4ECF-9454-2209DA31ADF3}"
EndProject
Project("{FAE04EC0-301F-11D3-BF4B-00C04F79EFBC}") = "03.WordCount", "03.WordCount\03.WordCount.csproj", "{410A258D-E9C2-434F-87DD-48A852BDB183}"
EndProject
Global
	GlobalSection(SolutionConfigurationPlatforms) = preSolution
		Debug|Any CPU = Debug|Any CPU
		Release|Any CPU = Release|Any CPU
	EndGlobalSection
	GlobalSection(ProjectConfigurationPlatforms) = postSolution
		{F2B38EB3-312E-4A04-9CD1-E5C34217AEC2}.Debug|Any CPU.ActiveCfg = Debug|Any CPU
		{F2B38EB3-312E-4A04-9CD1-E5C34217AEC2}.Debug|Any CPU.Build.0 = Debug|Any CPU
		{F2B38EB3-312E-4A04-9CD1-E5C34217AEC2}.Release|Any CPU.ActiveCfg = Release|Any CPU
		{F2B38EB3-312E-4A04-9CD1-E5C34217AEC2}.Release|Any CPU.Build.0 = Release|Any CPU
		{88131BC0-2468-4ECF-9454-2209DA31ADF3}.Debug|Any CPU.ActiveCfg = Debug|Any CPU
		{88131BC0-2468-4ECF-9454-2209DA31ADF3}.Debug|Any CPU.Build.0 = Debug|Any CPU
		{88131BC0-2468-4ECF-9454-2209DA31ADF3}.Release|Any CPU.ActiveCfg = Release|Any CPU
		{88131BC0-2468-4ECF-9454-2209DA31ADF3}.Release|Any CPU.Build.0 = Release|Any CPU
		{410A258D-E9C2-434F-87DD-48A852BDB183}.Debug|Any CPU.ActiveCfg = Debug|Any CPU
		{410A258D-E9C2-434F-87DD-48A852BDB183}.Debug|Any CPU.Build.0 = Debug|Any CPU
		{410A258D-E9C2-434F-87DD-48A852BDB183}.Release|Any CPU.ActiveCfg = Release|Any CPU
		{410A258D-E9C2-434F-87DD-48A852BDB183}.Release|Any CPU.Build.0 = Release|Any CPU
	EndGlobalSection
	GlobalSection(SolutionProperties) = preSolution
		HideSolutionNode = FALSE
	EndGlobalSection
	GlobalSection(ExtensibilityGlobals) = postSolution
		SolutionGuid = {ED22FE4C-3696-4BD9-8776-130DE3C0DD54}
	EndGlobalSection
EndGlobal
