
Microsoft Visual Studio Solution File, Format Version 12.00
# Visual Studio Version 16
VisualStudioVersion = 16.0.30717.126
MinimumVisualStudioVersion = 10.0.40219.1
Project("{9A19103F-16F7-4668-BE54-9A1E7A4F7556}") = "PasswordReset", "PasswordReset\PasswordReset.csproj", "{C3C33582-32CE-4D30-AD1C-5E2261A6BFC9}"
EndProject
Project("{9A19103F-16F7-4668-BE54-9A1E7A4F7556}") = "FancyBarcodes", "FancyBarcodes\FancyBarcodes.csproj", "{A87416C3-6034-436B-9ED6-660FF86145FF}"
EndProject
Project("{FAE04EC0-301F-11D3-BF4B-00C04F79EFBC}") = "HeroesOfCodeAndLogicVII", "HeroesOfCodeAndLogicVII\HeroesOfCodeAndLogicVII.csproj", "{FFDE873F-477A-48F6-9642-63B4B22E9C50}"
EndProject
Global
	GlobalSection(SolutionConfigurationPlatforms) = preSolution
		Debug|Any CPU = Debug|Any CPU
		Release|Any CPU = Release|Any CPU
	EndGlobalSection
	GlobalSection(ProjectConfigurationPlatforms) = postSolution
		{C3C33582-32CE-4D30-AD1C-5E2261A6BFC9}.Debug|Any CPU.ActiveCfg = Debug|Any CPU
		{C3C33582-32CE-4D30-AD1C-5E2261A6BFC9}.Debug|Any CPU.Build.0 = Debug|Any CPU
		{C3C33582-32CE-4D30-AD1C-5E2261A6BFC9}.Release|Any CPU.ActiveCfg = Release|Any CPU
		{C3C33582-32CE-4D30-AD1C-5E2261A6BFC9}.Release|Any CPU.Build.0 = Release|Any CPU
		{A87416C3-6034-436B-9ED6-660FF86145FF}.Debug|Any CPU.ActiveCfg = Debug|Any CPU
		{A87416C3-6034-436B-9ED6-660FF86145FF}.Debug|Any CPU.Build.0 = Debug|Any CPU
		{A87416C3-6034-436B-9ED6-660FF86145FF}.Release|Any CPU.ActiveCfg = Release|Any CPU
		{A87416C3-6034-436B-9ED6-660FF86145FF}.Release|Any CPU.Build.0 = Release|Any CPU
		{FFDE873F-477A-48F6-9642-63B4B22E9C50}.Debug|Any CPU.ActiveCfg = Debug|Any CPU
		{FFDE873F-477A-48F6-9642-63B4B22E9C50}.Debug|Any CPU.Build.0 = Debug|Any CPU
		{FFDE873F-477A-48F6-9642-63B4B22E9C50}.Release|Any CPU.ActiveCfg = Release|Any CPU
		{FFDE873F-477A-48F6-9642-63B4B22E9C50}.Release|Any CPU.Build.0 = Release|Any CPU
	EndGlobalSection
	GlobalSection(SolutionProperties) = preSolution
		HideSolutionNode = FALSE
	EndGlobalSection
	GlobalSection(ExtensibilityGlobals) = postSolution
		SolutionGuid = {54D45F31-3F84-4CA9-B0BC-393290ADDD88}
	EndGlobalSection
EndGlobal
