
Microsoft Visual Studio Solution File, Format Version 12.00
# Visual Studio Version 16
VisualStudioVersion = 16.0.30611.23
MinimumVisualStudioVersion = 10.0.40219.1
Project("{9A19103F-16F7-4668-BE54-9A1E7A4F7556}") = "SumAdjacentEqualNumbers", "SumAdjacentEqualNumbers\SumAdjacentEqualNumbers.csproj", "{5878675E-878A-47B4-9234-3BD4F8CF320A}"
EndProject
Project("{9A19103F-16F7-4668-BE54-9A1E7A4F7556}") = "GaussTrick", "GaussTrick\GaussTrick.csproj", "{03951BF2-8678-403B-B823-C2ABA8F091EC}"
EndProject
Project("{9A19103F-16F7-4668-BE54-9A1E7A4F7556}") = "MergingLists", "MergingLists\MergingLists.csproj", "{28B48737-A620-4D82-9C1A-9629A117DCDA}"
EndProject
Project("{9A19103F-16F7-4668-BE54-9A1E7A4F7556}") = "RemoveNegativesAndReverse", "RemoveNegativesAndReverse\RemoveNegativesAndReverse.csproj", "{24E3D3F5-6194-4C88-B01F-46D015ADC900}"
EndProject
Project("{9A19103F-16F7-4668-BE54-9A1E7A4F7556}") = "ListManipulationBasics", "ListManipulationBasics\ListManipulationBasics.csproj", "{04B716FC-EBAC-4A36-A0B2-74A517ECACEA}"
EndProject
Project("{FAE04EC0-301F-11D3-BF4B-00C04F79EFBC}") = "ListOfProducts", "ListOfProducts\ListOfProducts.csproj", "{95B51AB7-E1C2-49DC-8BD4-74D949949AAB}"
EndProject
Project("{FAE04EC0-301F-11D3-BF4B-00C04F79EFBC}") = "ListManipulationAdvanced", "ListManipulationAdvanced\ListManipulationAdvanced.csproj", "{B6DA9B19-47F5-4529-8F72-66D95D0CB9D1}"
EndProject
Global
	GlobalSection(SolutionConfigurationPlatforms) = preSolution
		Debug|Any CPU = Debug|Any CPU
		Release|Any CPU = Release|Any CPU
	EndGlobalSection
	GlobalSection(ProjectConfigurationPlatforms) = postSolution
		{5878675E-878A-47B4-9234-3BD4F8CF320A}.Debug|Any CPU.ActiveCfg = Debug|Any CPU
		{5878675E-878A-47B4-9234-3BD4F8CF320A}.Debug|Any CPU.Build.0 = Debug|Any CPU
		{5878675E-878A-47B4-9234-3BD4F8CF320A}.Release|Any CPU.ActiveCfg = Release|Any CPU
		{5878675E-878A-47B4-9234-3BD4F8CF320A}.Release|Any CPU.Build.0 = Release|Any CPU
		{03951BF2-8678-403B-B823-C2ABA8F091EC}.Debug|Any CPU.ActiveCfg = Debug|Any CPU
		{03951BF2-8678-403B-B823-C2ABA8F091EC}.Debug|Any CPU.Build.0 = Debug|Any CPU
		{03951BF2-8678-403B-B823-C2ABA8F091EC}.Release|Any CPU.ActiveCfg = Release|Any CPU
		{03951BF2-8678-403B-B823-C2ABA8F091EC}.Release|Any CPU.Build.0 = Release|Any CPU
		{28B48737-A620-4D82-9C1A-9629A117DCDA}.Debug|Any CPU.ActiveCfg = Debug|Any CPU
		{28B48737-A620-4D82-9C1A-9629A117DCDA}.Debug|Any CPU.Build.0 = Debug|Any CPU
		{28B48737-A620-4D82-9C1A-9629A117DCDA}.Release|Any CPU.ActiveCfg = Release|Any CPU
		{28B48737-A620-4D82-9C1A-9629A117DCDA}.Release|Any CPU.Build.0 = Release|Any CPU
		{24E3D3F5-6194-4C88-B01F-46D015ADC900}.Debug|Any CPU.ActiveCfg = Debug|Any CPU
		{24E3D3F5-6194-4C88-B01F-46D015ADC900}.Debug|Any CPU.Build.0 = Debug|Any CPU
		{24E3D3F5-6194-4C88-B01F-46D015ADC900}.Release|Any CPU.ActiveCfg = Release|Any CPU
		{24E3D3F5-6194-4C88-B01F-46D015ADC900}.Release|Any CPU.Build.0 = Release|Any CPU
		{04B716FC-EBAC-4A36-A0B2-74A517ECACEA}.Debug|Any CPU.ActiveCfg = Debug|Any CPU
		{04B716FC-EBAC-4A36-A0B2-74A517ECACEA}.Debug|Any CPU.Build.0 = Debug|Any CPU
		{04B716FC-EBAC-4A36-A0B2-74A517ECACEA}.Release|Any CPU.ActiveCfg = Release|Any CPU
		{04B716FC-EBAC-4A36-A0B2-74A517ECACEA}.Release|Any CPU.Build.0 = Release|Any CPU
		{95B51AB7-E1C2-49DC-8BD4-74D949949AAB}.Debug|Any CPU.ActiveCfg = Debug|Any CPU
		{95B51AB7-E1C2-49DC-8BD4-74D949949AAB}.Debug|Any CPU.Build.0 = Debug|Any CPU
		{95B51AB7-E1C2-49DC-8BD4-74D949949AAB}.Release|Any CPU.ActiveCfg = Release|Any CPU
		{95B51AB7-E1C2-49DC-8BD4-74D949949AAB}.Release|Any CPU.Build.0 = Release|Any CPU
		{B6DA9B19-47F5-4529-8F72-66D95D0CB9D1}.Debug|Any CPU.ActiveCfg = Debug|Any CPU
		{B6DA9B19-47F5-4529-8F72-66D95D0CB9D1}.Debug|Any CPU.Build.0 = Debug|Any CPU
		{B6DA9B19-47F5-4529-8F72-66D95D0CB9D1}.Release|Any CPU.ActiveCfg = Release|Any CPU
		{B6DA9B19-47F5-4529-8F72-66D95D0CB9D1}.Release|Any CPU.Build.0 = Release|Any CPU
	EndGlobalSection
	GlobalSection(SolutionProperties) = preSolution
		HideSolutionNode = FALSE
	EndGlobalSection
	GlobalSection(ExtensibilityGlobals) = postSolution
		SolutionGuid = {590F152E-E5EC-4002-B6E1-5CA95D0E65F9}
	EndGlobalSection
EndGlobal
